
Microsoft Visual Studio Solution File, Format Version 12.00
# Visual Studio Version 17
VisualStudioVersion = 17.13.35931.197 d17.13
MinimumVisualStudioVersion = 10.0.40219.1
Project("{FAE04EC0-301F-11D3-BF4B-00C04F79EFBC}") = "TravelPlannerAPI", "TravelPlannerAPI\TravelPlannerAPI.csproj", "{0941B030-6124-4B12-A6CF-48A6C3226594}"
EndProject
Global
	GlobalSection(SolutionConfigurationPlatforms) = preSolution
		Debug|Any CPU = Debug|Any CPU
		Release|Any CPU = Release|Any CPU
	EndGlobalSection
	GlobalSection(ProjectConfigurationPlatforms) = postSolution
		{0941B030-6124-4B12-A6CF-48A6C3226594}.Debug|Any CPU.ActiveCfg = Debug|Any CPU
		{0941B030-6124-4B12-A6CF-48A6C3226594}.Debug|Any CPU.Build.0 = Debug|Any CPU
		{0941B030-6124-4B12-A6CF-48A6C3226594}.Release|Any CPU.ActiveCfg = Release|Any CPU
		{0941B030-6124-4B12-A6CF-48A6C3226594}.Release|Any CPU.Build.0 = Release|Any CPU
	EndGlobalSection
	GlobalSection(SolutionProperties) = preSolution
		HideSolutionNode = FALSE
	EndGlobalSection
	GlobalSection(ExtensibilityGlobals) = postSolution
		SolutionGuid = {F7257C16-7653-4087-9D2D-A3A27EA54EC0}
	EndGlobalSection
EndGlobal
