
Microsoft Visual Studio Solution File, Format Version 12.00
# Visual Studio Version 17
VisualStudioVersion = 17.10.36227.11
MinimumVisualStudioVersion = 10.0.40219.1
Project("{FAE04EC0-301F-11D3-BF4B-00C04F79EFBC}") = "TravelPlannerAPI", "TravelPlannerAPI\TravelPlannerAPI.csproj", "{53A26567-2253-473E-AD07-14AAB1A96A3A}"
EndProject
Global
	GlobalSection(SolutionConfigurationPlatforms) = preSolution
		Debug|Any CPU = Debug|Any CPU
		Release|Any CPU = Release|Any CPU
	EndGlobalSection
	GlobalSection(ProjectConfigurationPlatforms) = postSolution
		{53A26567-2253-473E-AD07-14AAB1A96A3A}.Debug|Any CPU.ActiveCfg = Debug|Any CPU
		{53A26567-2253-473E-AD07-14AAB1A96A3A}.Debug|Any CPU.Build.0 = Debug|Any CPU
		{53A26567-2253-473E-AD07-14AAB1A96A3A}.Release|Any CPU.ActiveCfg = Release|Any CPU
		{53A26567-2253-473E-AD07-14AAB1A96A3A}.Release|Any CPU.Build.0 = Release|Any CPU
	EndGlobalSection
	GlobalSection(SolutionProperties) = preSolution
		HideSolutionNode = FALSE
	EndGlobalSection
	GlobalSection(ExtensibilityGlobals) = postSolution
		SolutionGuid = {5E25CABC-28E1-4B24-A636-F0FD12A28D54}
	EndGlobalSection
EndGlobal
